
Microsoft Visual Studio Solution File, Format Version 12.00
# Visual Studio Version 17
VisualStudioVersion = 17.5.33502.453
MinimumVisualStudioVersion = 10.0.40219.1
Project("{FAE04EC0-301F-11D3-BF4B-00C04F79EFBC}") = "MySimpleWPF_Calculator", "MySimpleWPF_Calculator\MySimpleWPF_Calculator.csproj", "{61F550E5-0AF0-4C54-94BF-265CA560B7ED}"
EndProject
Project("{FAE04EC0-301F-11D3-BF4B-00C04F79EFBC}") = "MySimpleWPF_CalculatorTestProject", "MySimpleWPF_CalculatorTestProject\MySimpleWPF_CalculatorTestProject.csproj", "{A5DB632D-5C0D-4361-9805-E4E071698481}"
EndProject
Global
	GlobalSection(SolutionConfigurationPlatforms) = preSolution
		Debug|Any CPU = Debug|Any CPU
		Release|Any CPU = Release|Any CPU
	EndGlobalSection
	GlobalSection(ProjectConfigurationPlatforms) = postSolution
		{61F550E5-0AF0-4C54-94BF-265CA560B7ED}.Debug|Any CPU.ActiveCfg = Debug|Any CPU
		{61F550E5-0AF0-4C54-94BF-265CA560B7ED}.Debug|Any CPU.Build.0 = Debug|Any CPU
		{61F550E5-0AF0-4C54-94BF-265CA560B7ED}.Release|Any CPU.ActiveCfg = Release|Any CPU
		{61F550E5-0AF0-4C54-94BF-265CA560B7ED}.Release|Any CPU.Build.0 = Release|Any CPU
		{A5DB632D-5C0D-4361-9805-E4E071698481}.Debug|Any CPU.ActiveCfg = Debug|Any CPU
		{A5DB632D-5C0D-4361-9805-E4E071698481}.Debug|Any CPU.Build.0 = Debug|Any CPU
		{A5DB632D-5C0D-4361-9805-E4E071698481}.Release|Any CPU.ActiveCfg = Release|Any CPU
		{A5DB632D-5C0D-4361-9805-E4E071698481}.Release|Any CPU.Build.0 = Release|Any CPU
	EndGlobalSection
	GlobalSection(SolutionProperties) = preSolution
		HideSolutionNode = FALSE
	EndGlobalSection
	GlobalSection(ExtensibilityGlobals) = postSolution
		SolutionGuid = {332ECBBC-A4F5-4843-B2AF-CEF63455B994}
	EndGlobalSection
EndGlobal
